// !$*UTF8*$!
{
	archiveVersion = 1;
	classes = {
	};
	objectVersion = 48;
	objects = {

/* Begin PBXBuildFile section */
		E7E034DA1FF5C6CA0020F05C /* main.m in Sources */ = {isa = PBXBuildFile; fileRef = E7E034D91FF5C6CA0020F05C /* main.m */; };
		E7E034E21FF5CABE0020F05C /* BNRLogger.m in Sources */ = {isa = PBXBuildFile; fileRef = E7E034E11FF5CABE0020F05C /* BNRLogger.m */; };
/* End PBXBuildFile section */

/* Begin PBXCopyFilesBuildPhase section */
		E7E034D41FF5C6CA0020F05C /* CopyFiles */ = {
			isa = PBXCopyFilesBuildPhase;
			buildActionMask = 2147483647;
			dstPath = /usr/share/man/man1/;
			dstSubfolderSpec = 0;
			files = (
			);
			runOnlyForDeploymentPostprocessing = 1;
		};
/* End PBXCopyFilesBuildPhase section */

/* Begin PBXFileReference section */
		E7E034D61FF5C6CA0020F05C /* CallBacks */ = {isa = PBXFileReference; explicitFileType = "compiled.mach-o.executable"; includeInIndex = 0; path = CallBacks; sourceTree = BUILT_PRODUCTS_DIR; };
		E7E034D91FF5C6CA0020F05C /* main.m */ = {isa = PBXFileReference; lastKnownFileType = sourcecode.c.objc; path = main.m; sourceTree = "<group>"; };
		E7E034E01FF5CABE0020F05C /* BNRLogger.h */ = {isa = PBXFileReference; lastKnownFileType = sourcecode.c.h; path = BNRLogger.h; sourceTree = "<group>"; };
		E7E034E11FF5CABE0020F05C /* BNRLogger.m */ = {isa = PBXFileReference; lastKnownFileType = sourcecode.c.objc; path = BNRLogger.m; sourceTree = "<group>"; };
/* End PBXFileReference section */

/* Begin PBXFrameworksBuildPhase section */
		E7E034D31FF5C6CA0020F05C /* Frameworks */ = {
			isa = PBXFrameworksBuildPhase;
			buildActionMask = 2147483647;
			files = (
			);
			runOnlyForDeploymentPostprocessing = 0;
		};
/* End PBXFrameworksBuildPhase section */

/* Begin PBXGroup section */
		E7E034CD1FF5C6CA0020F05C = {
			isa = PBXGroup;
			children = (
				E7E034D81FF5C6CA0020F05C /* CallBacks */,
				E7E034D71FF5C6CA0020F05C /* Products */,
			);
			sourceTree = "<group>";
		};
		E7E034D71FF5C6CA0020F05C /* Products */ = {
			isa = PBXGroup;
			children = (
				E7E034D61FF5C6CA0020F05C /* CallBacks */,
			);
			name = Products;
			sourceTree = "<group>";
		};
		E7E034D81FF5C6CA0020F05C /* CallBacks */ = {
			isa = PBXGroup;
			children = (
				E7E034D91FF5C6CA0020F05C /* main.m */,
				E7E034E01FF5CABE0020F05C /* BNRLogger.h */,
				E7E034E11FF5CABE0020F05C /* BNRLogger.m */,
			);
			path = CallBacks;
			sourceTree = "<group>";
		};
/* End PBXGroup section */

/* Begin PBXNativeTarget section */
		E7E034D51FF5C6CA0020F05C /* CallBacks */ = {
			isa = PBXNativeTarget;
			buildConfigurationList = E7E034DD1FF5C6CA0020F05C /* Build configuration list for PBXNativeTarget "CallBacks" */;
			buildPhases = (
				E7E034D21FF5C6CA0020F05C /* Sources */,
				E7E034D31FF5C6CA0020F05C /* Frameworks */,
				E7E034D41FF5C6CA0020F05C /* CopyFiles */,
			);
			buildRules = (
			);
			dependencies = (
			);
			name = CallBacks;
			productName = CallBacks;
			productReference = E7E034D61FF5C6CA0020F05C /* CallBacks */;
			productType = "com.apple.product-type.tool";
		};
/* End PBXNativeTarget section */

/* Begin PBXProject section */
		E7E034CE1FF5C6CA0020F05C /* Project object */ = {
			isa = PBXProject;
			attributes = {
				LastUpgradeCheck = 0900;
				ORGANIZATIONNAME = moeCodes;
				TargetAttributes = {
					E7E034D51FF5C6CA0020F05C = {
						CreatedOnToolsVersion = 9.0;
						ProvisioningStyle = Automatic;
					};
				};
			};
			buildConfigurationList = E7E034D11FF5C6CA0020F05C /* Build configuration list for PBXProject "CallBacks" */;
			compatibilityVersion = "Xcode 8.0";
			developmentRegion = en;
			hasScannedForEncodings = 0;
			knownRegions = (
				en,
			);
			mainGroup = E7E034CD1FF5C6CA0020F05C;
			productRefGroup = E7E034D71FF5C6CA0020F05C /* Products */;
			projectDirPath = "";
			projectRoot = "";
			targets = (
				E7E034D51FF5C6CA0020F05C /* CallBacks */,
			);
		};
/* End PBXProject section */

/* Begin PBXSourcesBuildPhase section */
		E7E034D21FF5C6CA0020F05C /* Sources */ = {
			isa = PBXSourcesBuildPhase;
			buildActionMask = 2147483647;
			files = (
				E7E034E21FF5CABE0020F05C /* BNRLogger.m in Sources */,
				E7E034DA1FF5C6CA0020F05C /* main.m in Sources */,
			);
			runOnlyForDeploymentPostprocessing = 0;
		};
/* End PBXSourcesBuildPhase section */

/* Begin XCBuildConfiguration section */
		E7E034DB1FF5C6CA0020F05C /* Debug */ = {
			isa = XCBuildConfiguration;
			buildSettings = {
				ALWAYS_SEARCH_USER_PATHS = NO;
				CLANG_ANALYZER_NONNULL = YES;
				CLANG_ANALYZER_NUMBER_OBJECT_CONVERSION = YES_AGGRESSIVE;
				CLANG_CXX_LANGUAGE_STANDARD = "gnu++14";
				CLANG_CXX_LIBRARY = "libc++";
				CLANG_ENABLE_MODULES = YES;
				CLANG_ENABLE_OBJC_ARC = YES;
				CLANG_WARN_BLOCK_CAPTURE_AUTORELEASING = YES;
				CLANG_WARN_BOOL_CONVERSION = YES;
				CLANG_WARN_COMMA = YES;
				CLANG_WARN_CONSTANT_CONVERSION = YES;
				CLANG_WARN_DIRECT_OBJC_ISA_USAGE = YES_ERROR;
				CLANG_WARN_DOCUMENTATION_COMMENTS = YES;
				CLANG_WARN_EMPTY_BODY = YES;
				CLANG_WARN_ENUM_CONVERSION = YES;
				CLANG_WARN_INFINITE_RECURSION = YES;
				CLANG_WARN_INT_CONVERSION = YES;
				CLANG_WARN_NON_LITERAL_NULL_CONVERSION = YES;
				CLANG_WARN_OBJC_LITERAL_CONVERSION = YES;
				CLANG_WARN_OBJC_ROOT_CLASS = YES_ERROR;
				CLANG_WARN_RANGE_LOOP_ANALYSIS = YES;
				CLANG_WARN_STRICT_PROTOTYPES = YES;
				CLANG_WARN_SUSPICIOUS_MOVE = YES;
				CLANG_WARN_UNGUARDED_AVAILABILITY = YES_AGGRESSIVE;
				CLANG_WARN_UNREACHABLE_CODE = YES;
				CLANG_WARN__DUPLICATE_METHOD_MATCH = YES;
				CODE_SIGN_IDENTITY = "-";
				COPY_PHASE_STRIP = NO;
				DEBUG_INFORMATION_FORMAT = dwarf;
				ENABLE_STRICT_OBJC_MSGSEND = YES;
				ENABLE_TESTABILITY = YES;
				GCC_C_LANGUAGE_STANDARD = gnu11;
				GCC_DYNAMIC_NO_PIC = NO;
				GCC_NO_COMMON_BLOCKS = YES;
				GCC_OPTIMIZATION_LEVEL = 0;
				GCC_PREPROCESSOR_DEFINITIONS = (
					"DEBUG=1",
					"$(inherited)",
				);
				GCC_WARN_64_TO_32_BIT_CONVERSION = YES;
				GCC_WARN_ABOUT_RETURN_TYPE = YES_ERROR;
				GCC_WARN_UNDECLARED_SELECTOR = YES;
				GCC_WARN_UNINITIALIZED_AUTOS = YES_AGGRESSIVE;
				GCC_WARN_UNUSED_FUNCTION = YES;
				GCC_WARN_UNUSED_VARIABLE = YES;
				MACOSX_DEPLOYMENT_TARGET = 10.12;
				MTL_ENABLE_DEBUG_INFO = YES;
				ONLY_ACTIVE_ARCH = YES;
				SDKROOT = macosx;
			};
			name = Debug;
		};
		E7E034DC1FF5C6CA0020F05C /* Release */ = {
			isa = XCBuildConfiguration;
			buildSettings = {
				ALWAYS_SEARCH_USER_PATHS = NO;
				CLANG_ANALYZER_NONNULL = YES;
				CLANG_ANALYZER_NUMBER_OBJECT_CONVERSION = YES_AGGRESSIVE;
				CLANG_CXX_LANGUAGE_STANDARD = "gnu++14";
				CLANG_CXX_LIBRARY = "libc++";
				CLANG_ENABLE_MODULES = YES;
				CLANG_ENABLE_OBJC_ARC = YES;
				CLANG_WARN_BLOCK_CAPTURE_AUTORELEASING = YES;
				CLANG_WARN_BOOL_CONVERSION = YES;
				CLANG_WARN_COMMA = YES;
				CLANG_WARN_CONSTANT_CONVERSION = YES;
				CLANG_WARN_DIRECT_OBJC_ISA_USAGE = YES_ERROR;
				CLANG_WARN_DOCUMENTATION_COMMENTS = YES;
				CLANG_WARN_EMPTY_BODY = YES;
				CLANG_WARN_ENUM_CONVERSION = YES;
				CLANG_WARN_INFINITE_RECURSION = YES;
				CLANG_WARN_INT_CONVERSION = YES;
				CLANG_WARN_NON_LITERAL_NULL_CONVERSION = YES;
				CLANG_WARN_OBJC_LITERAL_CONVERSION = YES;
				CLANG_WARN_OBJC_ROOT_CLASS = YES_ERROR;
				CLANG_WARN_RANGE_LOOP_ANALYSIS = YES;
				CLANG_WARN_STRICT_PROTOTYPES = YES;
				CLANG_WARN_SUSPICIOUS_MOVE = YES;
				CLANG_WARN_UNGUARDED_AVAILABILITY = YES_AGGRESSIVE;
				CLANG_WARN_UNREACHABLE_CODE = YES;
				CLANG_WARN__DUPLICATE_METHOD_MATCH = YES;
				CODE_SIGN_IDENTITY = "-";
				COPY_PHASE_STRIP = NO;
				DEBUG_INFORMATION_FORMAT = "dwarf-with-dsym";
				ENABLE_NS_ASSERTIONS = NO;
				ENABLE_STRICT_OBJC_MSGSEND = YES;
				GCC_C_LANGUAGE_STANDARD = gnu11;
				GCC_NO_COMMON_BLOCKS = YES;
				GCC_WARN_64_TO_32_BIT_CONVERSION = YES;
				GCC_WARN_ABOUT_RETURN_TYPE = YES_ERROR;
				GCC_WARN_UNDECLARED_SELECTOR = YES;
				GCC_WARN_UNINITIALIZED_AUTOS = YES_AGGRESSIVE;
				GCC_WARN_UNUSED_FUNCTION = YES;
				GCC_WARN_UNUSED_VARIABLE = YES;
				MACOSX_DEPLOYMENT_TARGET = 10.12;
				MTL_ENABLE_DEBUG_INFO = NO;
				SDKROOT = macosx;
			};
			name = Release;
		};
		E7E034DE1FF5C6CA0020F05C /* Debug */ = {
			isa = XCBuildConfiguration;
			buildSettings = {
				CODE_SIGN_STYLE = Automatic;
				PRODUCT_NAME = "$(TARGET_NAME)";
			};
			name = Debug;
		};
		E7E034DF1FF5C6CA0020F05C /* Release */ = {
			isa = XCBuildConfiguration;
			buildSettings = {
				CODE_SIGN_STYLE = Automatic;
				PRODUCT_NAME = "$(TARGET_NAME)";
			};
			name = Release;
		};
/* End XCBuildConfiguration section */

/* Begin XCConfigurationList section */
		E7E034D11FF5C6CA0020F05C /* Build configuration list for PBXProject "CallBacks" */ = {
			isa = XCConfigurationList;
			buildConfigurations = (
				E7E034DB1FF5C6CA0020F05C /* Debug */,
				E7E034DC1FF5C6CA0020F05C /* Release */,
			);
			defaultConfigurationIsVisible = 0;
			defaultConfigurationName = Release;
		};
		E7E034DD1FF5C6CA0020F05C /* Build configuration list for PBXNativeTarget "CallBacks" */ = {
			isa = XCConfigurationList;
			buildConfigurations = (
				E7E034DE1FF5C6CA0020F05C /* Debug */,
				E7E034DF1FF5C6CA0020F05C /* Release */,
			);
			defaultConfigurationIsVisible = 0;
			defaultConfigurationName = Release;
		};
/* End XCConfigurationList section */
	};
	rootObject = E7E034CE1FF5C6CA0020F05C /* Project object */;
}
